
Microsoft Visual Studio Solution File, Format Version 12.00
# Visual Studio 15
VisualStudioVersion = 15.0.27428.2043
MinimumVisualStudioVersion = 10.0.40219.1
Project("{FAE04EC0-301F-11D3-BF4B-00C04F79EFBC}") = "GlobalMouseTracker", "GlobalMouseTracker\GlobalMouseTracker.csproj", "{8F12357F-6728-4DF8-98A7-F51F2040A8A1}"
EndProject
Global
	GlobalSection(SolutionConfigurationPlatforms) = preSolution
		Debug|Any CPU = Debug|Any CPU
		Release|Any CPU = Release|Any CPU
	EndGlobalSection
	GlobalSection(ProjectConfigurationPlatforms) = postSolution
		{8F12357F-6728-4DF8-98A7-F51F2040A8A1}.Debug|Any CPU.ActiveCfg = Debug|Any CPU
		{8F12357F-6728-4DF8-98A7-F51F2040A8A1}.Debug|Any CPU.Build.0 = Debug|Any CPU
		{8F12357F-6728-4DF8-98A7-F51F2040A8A1}.Release|Any CPU.ActiveCfg = Release|Any CPU
		{8F12357F-6728-4DF8-98A7-F51F2040A8A1}.Release|Any CPU.Build.0 = Release|Any CPU
	EndGlobalSection
	GlobalSection(SolutionProperties) = preSolution
		HideSolutionNode = FALSE
	EndGlobalSection
	GlobalSection(ExtensibilityGlobals) = postSolution
		SolutionGuid = {2217C28C-C25E-49C1-98F3-32B979993764}
	EndGlobalSection
EndGlobal
